{
  "name": "sami---smart-assistant-for-money-intelligence",
  "version": "1.0.0",
  "lockfileVersion": 3,
  "requires": true,
  "packages": {
    "": {
      "name": "sami---smart-assistant-for-money-intelligence",
      "version": "1.0.0",
      "license": "ISC",
      "devDependencies": {}
    }
  }
}
